
Microsoft Visual Studio Solution File, Format Version 12.00
# Visual Studio Version 17
VisualStudioVersion = 17.12.35707.178
MinimumVisualStudioVersion = 10.0.40219.1
Project("{FAE04EC0-301F-11D3-BF4B-00C04F79EFBC}") = "ResumeBuilderBackend", "ResumeBuilderBackend.csproj", "{6BF0E7AF-56A8-4CCE-B3D0-47921092957B}"
EndProject
Global
	GlobalSection(SolutionConfigurationPlatforms) = preSolution
		Debug|Any CPU = Debug|Any CPU
		Release|Any CPU = Release|Any CPU
	EndGlobalSection
	GlobalSection(ProjectConfigurationPlatforms) = postSolution
		{6BF0E7AF-56A8-4CCE-B3D0-47921092957B}.Debug|Any CPU.ActiveCfg = Debug|Any CPU
		{6BF0E7AF-56A8-4CCE-B3D0-47921092957B}.Debug|Any CPU.Build.0 = Debug|Any CPU
		{6BF0E7AF-56A8-4CCE-B3D0-47921092957B}.Release|Any CPU.ActiveCfg = Release|Any CPU
		{6BF0E7AF-56A8-4CCE-B3D0-47921092957B}.Release|Any CPU.Build.0 = Release|Any CPU
	EndGlobalSection
	GlobalSection(SolutionProperties) = preSolution
		HideSolutionNode = FALSE
	EndGlobalSection
	GlobalSection(ExtensibilityGlobals) = postSolution
		SolutionGuid = {FA75E53F-934D-4992-BC8E-4CFAA49AEA4D}
	EndGlobalSection
EndGlobal
